
Microsoft Visual Studio Solution File, Format Version 12.00
# Visual Studio 15
VisualStudioVersion = 15.0.27130.2027
MinimumVisualStudioVersion = 10.0.40219.1
Project("{FAE04EC0-301F-11D3-BF4B-00C04F79EFBC}") = "ClassStudy2", "ClassStudy2\ClassStudy2.csproj", "{CA7E0338-AD0C-4220-9D01-C3D21DC2D52B}"
EndProject
Global
	GlobalSection(SolutionConfigurationPlatforms) = preSolution
		Debug|Any CPU = Debug|Any CPU
		Release|Any CPU = Release|Any CPU
	EndGlobalSection
	GlobalSection(ProjectConfigurationPlatforms) = postSolution
		{CA7E0338-AD0C-4220-9D01-C3D21DC2D52B}.Debug|Any CPU.ActiveCfg = Debug|Any CPU
		{CA7E0338-AD0C-4220-9D01-C3D21DC2D52B}.Debug|Any CPU.Build.0 = Debug|Any CPU
		{CA7E0338-AD0C-4220-9D01-C3D21DC2D52B}.Release|Any CPU.ActiveCfg = Release|Any CPU
		{CA7E0338-AD0C-4220-9D01-C3D21DC2D52B}.Release|Any CPU.Build.0 = Release|Any CPU
	EndGlobalSection
	GlobalSection(SolutionProperties) = preSolution
		HideSolutionNode = FALSE
	EndGlobalSection
	GlobalSection(ExtensibilityGlobals) = postSolution
		SolutionGuid = {FC6DE735-F550-4CE3-B741-42ED05912CDF}
	EndGlobalSection
EndGlobal
